
Microsoft Visual Studio Solution File, Format Version 12.00
# Visual Studio 15
VisualStudioVersion = 15.0.27428.2027
MinimumVisualStudioVersion = 10.0.40219.1
Project("{9A19103F-16F7-4668-BE54-9A1E7A4F7556}") = "LIA.Data", "LIA.Data\LIA.Data.csproj", "{0FB0B167-AA6D-4F70-B84E-9A4B9FCD5C5F}"
EndProject
Project("{FAE04EC0-301F-11D3-BF4B-00C04F79EFBC}") = "LIA.Admin", "LIA.Admin\LIA.Admin.csproj", "{3A8EB176-3941-46C1-A3AD-9566DE192848}"
EndProject
Global
	GlobalSection(SolutionConfigurationPlatforms) = preSolution
		Debug|Any CPU = Debug|Any CPU
		Release|Any CPU = Release|Any CPU
	EndGlobalSection
	GlobalSection(ProjectConfigurationPlatforms) = postSolution
		{0FB0B167-AA6D-4F70-B84E-9A4B9FCD5C5F}.Debug|Any CPU.ActiveCfg = Debug|Any CPU
		{0FB0B167-AA6D-4F70-B84E-9A4B9FCD5C5F}.Debug|Any CPU.Build.0 = Debug|Any CPU
		{0FB0B167-AA6D-4F70-B84E-9A4B9FCD5C5F}.Release|Any CPU.ActiveCfg = Release|Any CPU
		{0FB0B167-AA6D-4F70-B84E-9A4B9FCD5C5F}.Release|Any CPU.Build.0 = Release|Any CPU
		{3A8EB176-3941-46C1-A3AD-9566DE192848}.Debug|Any CPU.ActiveCfg = Debug|Any CPU
		{3A8EB176-3941-46C1-A3AD-9566DE192848}.Debug|Any CPU.Build.0 = Debug|Any CPU
		{3A8EB176-3941-46C1-A3AD-9566DE192848}.Release|Any CPU.ActiveCfg = Release|Any CPU
		{3A8EB176-3941-46C1-A3AD-9566DE192848}.Release|Any CPU.Build.0 = Release|Any CPU
	EndGlobalSection
	GlobalSection(SolutionProperties) = preSolution
		HideSolutionNode = FALSE
	EndGlobalSection
	GlobalSection(ExtensibilityGlobals) = postSolution
		SolutionGuid = {0BAE8025-3FBC-45C1-874A-0FA53AEA620A}
	EndGlobalSection
EndGlobal
